
Microsoft Visual Studio Solution File, Format Version 12.00
# Visual Studio Version 17
VisualStudioVersion = 17.14.36429.23 d17.14
MinimumVisualStudioVersion = 10.0.40219.1
Project("{FAE04EC0-301F-11D3-BF4B-00C04F79EFBC}") = "lab5", "lab5\lab5.csproj", "{D2FAFCA7-1779-40CB-A6FF-1A7E9A925CE2}"
EndProject
Global
	GlobalSection(SolutionConfigurationPlatforms) = preSolution
		Debug|Any CPU = Debug|Any CPU
		Release|Any CPU = Release|Any CPU
	EndGlobalSection
	GlobalSection(ProjectConfigurationPlatforms) = postSolution
		{D2FAFCA7-1779-40CB-A6FF-1A7E9A925CE2}.Debug|Any CPU.ActiveCfg = Debug|Any CPU
		{D2FAFCA7-1779-40CB-A6FF-1A7E9A925CE2}.Debug|Any CPU.Build.0 = Debug|Any CPU
		{D2FAFCA7-1779-40CB-A6FF-1A7E9A925CE2}.Release|Any CPU.ActiveCfg = Release|Any CPU
		{D2FAFCA7-1779-40CB-A6FF-1A7E9A925CE2}.Release|Any CPU.Build.0 = Release|Any CPU
	EndGlobalSection
	GlobalSection(SolutionProperties) = preSolution
		HideSolutionNode = FALSE
	EndGlobalSection
	GlobalSection(ExtensibilityGlobals) = postSolution
		SolutionGuid = {B0535C6A-AC2C-40C3-8EAC-5BD0934FEDE7}
	EndGlobalSection
EndGlobal
